
Microsoft Visual Studio Solution File, Format Version 12.00
# Visual Studio 14
VisualStudioVersion = 14.0.25420.1
MinimumVisualStudioVersion = 10.0.40219.1
Project("{FAE04EC0-301F-11D3-BF4B-00C04F79EFBC}") = "AracAlisSatis", "AracAlisSatis\AracAlisSatis.csproj", "{0DC39B5E-3A9B-4C8C-9CC4-38FE7BCAA94C}"
EndProject
Project("{FAE04EC0-301F-11D3-BF4B-00C04F79EFBC}") = "AracAlisSatis.Entity", "AracAlisSatis.Entity\AracAlisSatis.Entity.csproj", "{9F8A7A2D-558C-4D20-9EC7-13043D5B5609}"
EndProject
Project("{FAE04EC0-301F-11D3-BF4B-00C04F79EFBC}") = "AracAlisSatis.DataAccess", "AracAlisSatis.DataAccess\AracAlisSatis.DataAccess.csproj", "{E684FEAF-276C-43DC-9D26-FC198256E2C5}"
EndProject
Global
	GlobalSection(SolutionConfigurationPlatforms) = preSolution
		Debug|Any CPU = Debug|Any CPU
		Release|Any CPU = Release|Any CPU
	EndGlobalSection
	GlobalSection(ProjectConfigurationPlatforms) = postSolution
		{0DC39B5E-3A9B-4C8C-9CC4-38FE7BCAA94C}.Debug|Any CPU.ActiveCfg = Debug|Any CPU
		{0DC39B5E-3A9B-4C8C-9CC4-38FE7BCAA94C}.Debug|Any CPU.Build.0 = Debug|Any CPU
		{0DC39B5E-3A9B-4C8C-9CC4-38FE7BCAA94C}.Release|Any CPU.ActiveCfg = Release|Any CPU
		{0DC39B5E-3A9B-4C8C-9CC4-38FE7BCAA94C}.Release|Any CPU.Build.0 = Release|Any CPU
		{9F8A7A2D-558C-4D20-9EC7-13043D5B5609}.Debug|Any CPU.ActiveCfg = Debug|Any CPU
		{9F8A7A2D-558C-4D20-9EC7-13043D5B5609}.Debug|Any CPU.Build.0 = Debug|Any CPU
		{9F8A7A2D-558C-4D20-9EC7-13043D5B5609}.Release|Any CPU.ActiveCfg = Release|Any CPU
		{9F8A7A2D-558C-4D20-9EC7-13043D5B5609}.Release|Any CPU.Build.0 = Release|Any CPU
		{E684FEAF-276C-43DC-9D26-FC198256E2C5}.Debug|Any CPU.ActiveCfg = Debug|Any CPU
		{E684FEAF-276C-43DC-9D26-FC198256E2C5}.Debug|Any CPU.Build.0 = Debug|Any CPU
		{E684FEAF-276C-43DC-9D26-FC198256E2C5}.Release|Any CPU.ActiveCfg = Release|Any CPU
		{E684FEAF-276C-43DC-9D26-FC198256E2C5}.Release|Any CPU.Build.0 = Release|Any CPU
	EndGlobalSection
	GlobalSection(SolutionProperties) = preSolution
		HideSolutionNode = FALSE
	EndGlobalSection
EndGlobal
